{
  "name": "assets",
  "lockfileVersion": 2,
  "requires": true,
  "packages": {
    "": {
      "dependencies": {
        "@googlemaps/js-api-loader": "^1.16.8",
        "@trevoreyre/autocomplete-js": "^3.0.3"
      }
    },
    "node_modules/@googlemaps/js-api-loader": {
      "version": "1.16.8",
      "resolved": "https://registry.npmjs.org/@googlemaps/js-api-loader/-/js-api-loader-1.16.8.tgz",
      "integrity": "sha512-CROqqwfKotdO6EBjZO/gQGVTbeDps5V7Mt9+8+5Q+jTg5CRMi3Ii/L9PmV3USROrt2uWxtGzJHORmByxyo9pSQ=="
    },
    "node_modules/@trevoreyre/autocomplete-js": {
      "version": "3.0.3",
      "resolved": "https://registry.npmjs.org/@trevoreyre/autocomplete-js/-/autocomplete-js-3.0.3.tgz",
      "integrity": "sha512-Z0KhA4EtMOixzYOFR+OiMc60IgNy9HkPnVH0kfxFkbP1I4my//sB/MRoPkqKmKgR+qHMujXhjdflMk5TpwVN2Q=="
    }
  },
  "dependencies": {
    "@googlemaps/js-api-loader": {
      "version": "1.16.8",
      "resolved": "https://registry.npmjs.org/@googlemaps/js-api-loader/-/js-api-loader-1.16.8.tgz",
      "integrity": "sha512-CROqqwfKotdO6EBjZO/gQGVTbeDps5V7Mt9+8+5Q+jTg5CRMi3Ii/L9PmV3USROrt2uWxtGzJHORmByxyo9pSQ=="
    },
    "@trevoreyre/autocomplete-js": {
      "version": "3.0.3",
      "resolved": "https://registry.npmjs.org/@trevoreyre/autocomplete-js/-/autocomplete-js-3.0.3.tgz",
      "integrity": "sha512-Z0KhA4EtMOixzYOFR+OiMc60IgNy9HkPnVH0kfxFkbP1I4my//sB/MRoPkqKmKgR+qHMujXhjdflMk5TpwVN2Q=="
    }
  }
}
