{
  "name": "assets",
  "lockfileVersion": 3,
  "requires": true,
  "packages": {
    "": {
      "dependencies": {
        "@googlemaps/js-api-loader": "^1.16.8",
        "@tiptap/core": "^2.9.1",
        "@tiptap/pm": "^2.9.1",
        "@tiptap/starter-kit": "^2.9.1",
        "flowbite": "^2.5.2",
        "tiptap-markdown": "^0.8.10"
      }
    },
    "node_modules/@googlemaps/js-api-loader": {
      "version": "1.16.8",
      "resolved": "https://registry.npmjs.org/@googlemaps/js-api-loader/-/js-api-loader-1.16.8.tgz",
      "integrity": "sha512-CROqqwfKotdO6EBjZO/gQGVTbeDps5V7Mt9+8+5Q+jTg5CRMi3Ii/L9PmV3USROrt2uWxtGzJHORmByxyo9pSQ=="
    },
    "node_modules/@popperjs/core": {
      "version": "2.11.8",
      "resolved": "https://registry.npmjs.org/@popperjs/core/-/core-2.11.8.tgz",
      "integrity": "sha512-P1st0aksCrn9sGZhp8GMYwBnQsbvAWsZAX44oXNNvLHGqAOcoVxmjZiohstwQ7SqKnbR47akdNi+uleWD8+g6A==",
      "funding": {
        "type": "opencollective",
        "url": "https://opencollective.com/popperjs"
      }
    },
    "node_modules/@remirror/core-constants": {
      "version": "3.0.0",
      "resolved": "https://registry.npmjs.org/@remirror/core-constants/-/core-constants-3.0.0.tgz",
      "integrity": "sha512-42aWfPrimMfDKDi4YegyS7x+/0tlzaqwPQCULLanv3DMIlu96KTJR0fM5isWX2UViOqlGnX6YFgqWepcX+XMNg=="
    },
    "node_modules/@rollup/plugin-node-resolve": {
      "version": "15.3.0",
      "resolved": "https://registry.npmjs.org/@rollup/plugin-node-resolve/-/plugin-node-resolve-15.3.0.tgz",
      "integrity": "sha512-9eO5McEICxMzJpDW9OnMYSv4Sta3hmt7VtBFz5zR9273suNOydOyq/FrGeGy+KsTRFm8w0SLVhzig2ILFT63Ag==",
      "dependencies": {
        "@rollup/pluginutils": "^5.0.1",
        "@types/resolve": "1.20.2",
        "deepmerge": "^4.2.2",
        "is-module": "^1.0.0",
        "resolve": "^1.22.1"
      },
      "engines": {
        "node": ">=14.0.0"
      },
      "peerDependencies": {
        "rollup": "^2.78.0||^3.0.0||^4.0.0"
      },
      "peerDependenciesMeta": {
        "rollup": {
          "optional": true
        }
      }
    },
    "node_modules/@rollup/pluginutils": {
      "version": "5.1.2",
      "resolved": "https://registry.npmjs.org/@rollup/pluginutils/-/pluginutils-5.1.2.tgz",
      "integrity": "sha512-/FIdS3PyZ39bjZlwqFnWqCOVnW7o963LtKMwQOD0NhQqw22gSr2YY1afu3FxRip4ZCZNsD5jq6Aaz6QV3D/Njw==",
      "dependencies": {
        "@types/estree": "^1.0.0",
        "estree-walker": "^2.0.2",
        "picomatch": "^2.3.1"
      },
      "engines": {
        "node": ">=14.0.0"
      },
      "peerDependencies": {
        "rollup": "^1.20.0||^2.0.0||^3.0.0||^4.0.0"
      },
      "peerDependenciesMeta": {
        "rollup": {
          "optional": true
        }
      }
    },
    "node_modules/@tiptap/core": {
      "version": "2.9.1",
      "resolved": "https://registry.npmjs.org/@tiptap/core/-/core-2.9.1.tgz",
      "integrity": "sha512-tifnLL/ARzQ6/FGEJjVwj9UT3v+pENdWHdk9x6F3X0mB1y0SeCjV21wpFLYESzwNdBPAj8NMp8Behv7dBnhIfw==",
      "funding": {
        "type": "github",
        "url": "https://github.com/sponsors/ueberdosis"
      },
      "peerDependencies": {
        "@tiptap/pm": "^2.7.0"
      }
    },
    "node_modules/@tiptap/extension-blockquote": {
      "version": "2.9.1",
      "resolved": "https://registry.npmjs.org/@tiptap/extension-blockquote/-/extension-blockquote-2.9.1.tgz",
      "integrity": "sha512-Y0jZxc/pdkvcsftmEZFyG+73um8xrx6/DMfgUcNg3JAM63CISedNcr+OEI11L0oFk1KFT7/aQ9996GM6Kubdqg==",
      "funding": {
        "type": "github",
        "url": "https://github.com/sponsors/ueberdosis"
      },
      "peerDependencies": {
        "@tiptap/core": "^2.7.0"
      }
    },
    "node_modules/@tiptap/extension-bold": {
      "version": "2.9.1",
      "resolved": "https://registry.npmjs.org/@tiptap/extension-bold/-/extension-bold-2.9.1.tgz",
      "integrity": "sha512-e2P1zGpnnt4+TyxTC5pX/lPxPasZcuHCYXY0iwQ3bf8qRQQEjDfj3X7EI+cXqILtnhOiviEOcYmeu5op2WhQDg==",
      "funding": {
        "type": "github",
        "url": "https://github.com/sponsors/ueberdosis"
      },
      "peerDependencies": {
        "@tiptap/core": "^2.7.0"
      }
    },
    "node_modules/@tiptap/extension-bullet-list": {
      "version": "2.9.1",
      "resolved": "https://registry.npmjs.org/@tiptap/extension-bullet-list/-/extension-bullet-list-2.9.1.tgz",
      "integrity": "sha512-0hizL/0j9PragJObjAWUVSuGhN1jKjCFnhLQVRxtx4HutcvS/lhoWMvFg6ZF8xqWgIa06n6A7MaknQkqhTdhKA==",
      "funding": {
        "type": "github",
        "url": "https://github.com/sponsors/ueberdosis"
      },
      "peerDependencies": {
        "@tiptap/core": "^2.7.0"
      }
    },
    "node_modules/@tiptap/extension-code": {
      "version": "2.9.1",
      "resolved": "https://registry.npmjs.org/@tiptap/extension-code/-/extension-code-2.9.1.tgz",
      "integrity": "sha512-WQqcVGe7i/E+yO3wz5XQteU1ETNZ00euUEl4ylVVmH2NM4Dh0KDjEhbhHlCM0iCfLUo7jhjC7dmS+hMdPUb+Tg==",
      "funding": {
        "type": "github",
        "url": "https://github.com/sponsors/ueberdosis"
      },
      "peerDependencies": {
        "@tiptap/core": "^2.7.0"
      }
    },
    "node_modules/@tiptap/extension-code-block": {
      "version": "2.9.1",
      "resolved": "https://registry.npmjs.org/@tiptap/extension-code-block/-/extension-code-block-2.9.1.tgz",
      "integrity": "sha512-A/50wPWDqEUUUPhrwRKILP5gXMO5UlQ0F6uBRGYB9CEVOREam9yIgvONOnZVJtszHqOayjIVMXbH/JMBeq11/g==",
      "funding": {
        "type": "github",
        "url": "https://github.com/sponsors/ueberdosis"
      },
      "peerDependencies": {
        "@tiptap/core": "^2.7.0",
        "@tiptap/pm": "^2.7.0"
      }
    },
    "node_modules/@tiptap/extension-document": {
      "version": "2.9.1",
      "resolved": "https://registry.npmjs.org/@tiptap/extension-document/-/extension-document-2.9.1.tgz",
      "integrity": "sha512-1a+HCoDPnBttjqExfYLwfABq8MYdiowhy/wp8eCxVb6KGFEENO53KapstISvPzqH7eOi+qRjBB1KtVYb/ZXicg==",
      "funding": {
        "type": "github",
        "url": "https://github.com/sponsors/ueberdosis"
      },
      "peerDependencies": {
        "@tiptap/core": "^2.7.0"
      }
    },
    "node_modules/@tiptap/extension-dropcursor": {
      "version": "2.9.1",
      "resolved": "https://registry.npmjs.org/@tiptap/extension-dropcursor/-/extension-dropcursor-2.9.1.tgz",
      "integrity": "sha512-wJZspSmJRkDBtPkzFz1g7gvZOEOayk8s93UHsgbJxcV4VWHYleZ5XhT74sZunSjefNDm3qC6v2BSgLp3vNHVKQ==",
      "funding": {
        "type": "github",
        "url": "https://github.com/sponsors/ueberdosis"
      },
      "peerDependencies": {
        "@tiptap/core": "^2.7.0",
        "@tiptap/pm": "^2.7.0"
      }
    },
    "node_modules/@tiptap/extension-gapcursor": {
      "version": "2.9.1",
      "resolved": "https://registry.npmjs.org/@tiptap/extension-gapcursor/-/extension-gapcursor-2.9.1.tgz",
      "integrity": "sha512-jsRBmX01vr+5H02GljiHMo0n5H1vzoMLmFarxe0Yq2d2l9G/WV2VWX2XnGliqZAYWd1bI0phs7uLQIN3mxGQTw==",
      "funding": {
        "type": "github",
        "url": "https://github.com/sponsors/ueberdosis"
      },
      "peerDependencies": {
        "@tiptap/core": "^2.7.0",
        "@tiptap/pm": "^2.7.0"
      }
    },
    "node_modules/@tiptap/extension-hard-break": {
      "version": "2.9.1",
      "resolved": "https://registry.npmjs.org/@tiptap/extension-hard-break/-/extension-hard-break-2.9.1.tgz",
      "integrity": "sha512-fCuaOD/b7nDjm47PZ58oanq7y4ccS2wjPh42Qm0B0yipu/1fmC8eS1SmaXmk28F89BLtuL6uOCtR1spe+lZtlQ==",
      "funding": {
        "type": "github",
        "url": "https://github.com/sponsors/ueberdosis"
      },
      "peerDependencies": {
        "@tiptap/core": "^2.7.0"
      }
    },
    "node_modules/@tiptap/extension-heading": {
      "version": "2.9.1",
      "resolved": "https://registry.npmjs.org/@tiptap/extension-heading/-/extension-heading-2.9.1.tgz",
      "integrity": "sha512-SjZowzLixOFaCrV2cMaWi1mp8REK0zK1b3OcVx7bCZfVSmsOETJyrAIUpCKA8o60NwF7pwhBg0MN8oXlNKMeFw==",
      "funding": {
        "type": "github",
        "url": "https://github.com/sponsors/ueberdosis"
      },
      "peerDependencies": {
        "@tiptap/core": "^2.7.0"
      }
    },
    "node_modules/@tiptap/extension-history": {
      "version": "2.9.1",
      "resolved": "https://registry.npmjs.org/@tiptap/extension-history/-/extension-history-2.9.1.tgz",
      "integrity": "sha512-wp9qR1NM+LpvyLZFmdNaAkDq0d4jDJ7z7Fz7icFQPu31NVxfQYO3IXNmvJDCNu8hFAbImpA5aG8MBuwzRo0H9w==",
      "funding": {
        "type": "github",
        "url": "https://github.com/sponsors/ueberdosis"
      },
      "peerDependencies": {
        "@tiptap/core": "^2.7.0",
        "@tiptap/pm": "^2.7.0"
      }
    },
    "node_modules/@tiptap/extension-horizontal-rule": {
      "version": "2.9.1",
      "resolved": "https://registry.npmjs.org/@tiptap/extension-horizontal-rule/-/extension-horizontal-rule-2.9.1.tgz",
      "integrity": "sha512-ydUhABeaBI1CoJp+/BBqPhXINfesp1qMNL/jiDcMsB66fsD4nOyphpAJT7FaRFZFtQVF06+nttBtFZVkITQVqg==",
      "funding": {
        "type": "github",
        "url": "https://github.com/sponsors/ueberdosis"
      },
      "peerDependencies": {
        "@tiptap/core": "^2.7.0",
        "@tiptap/pm": "^2.7.0"
      }
    },
    "node_modules/@tiptap/extension-italic": {
      "version": "2.9.1",
      "resolved": "https://registry.npmjs.org/@tiptap/extension-italic/-/extension-italic-2.9.1.tgz",
      "integrity": "sha512-VkNA6Vz96+/+7uBlsgM7bDXXx4b62T1fDam/3UKifA72aD/fZckeWrbT7KrtdUbzuIniJSbA0lpTs5FY29+86Q==",
      "funding": {
        "type": "github",
        "url": "https://github.com/sponsors/ueberdosis"
      },
      "peerDependencies": {
        "@tiptap/core": "^2.7.0"
      }
    },
    "node_modules/@tiptap/extension-list-item": {
      "version": "2.9.1",
      "resolved": "https://registry.npmjs.org/@tiptap/extension-list-item/-/extension-list-item-2.9.1.tgz",
      "integrity": "sha512-6O4NtYNR5N2Txi4AC0/4xMRJq9xd4+7ShxCZCDVL0WDVX37IhaqMO7LGQtA6MVlYyNaX4W1swfdJaqrJJ5HIUw==",
      "funding": {
        "type": "github",
        "url": "https://github.com/sponsors/ueberdosis"
      },
      "peerDependencies": {
        "@tiptap/core": "^2.7.0"
      }
    },
    "node_modules/@tiptap/extension-ordered-list": {
      "version": "2.9.1",
      "resolved": "https://registry.npmjs.org/@tiptap/extension-ordered-list/-/extension-ordered-list-2.9.1.tgz",
      "integrity": "sha512-6J9jtv1XP8dW7/JNSH/K4yiOABc92tBJtgCsgP8Ep4+fjfjdj4HbjS1oSPWpgItucF2Fp/VF8qg55HXhjxHjTw==",
      "funding": {
        "type": "github",
        "url": "https://github.com/sponsors/ueberdosis"
      },
      "peerDependencies": {
        "@tiptap/core": "^2.7.0"
      }
    },
    "node_modules/@tiptap/extension-paragraph": {
      "version": "2.9.1",
      "resolved": "https://registry.npmjs.org/@tiptap/extension-paragraph/-/extension-paragraph-2.9.1.tgz",
      "integrity": "sha512-JOmT0xd4gd3lIhLwrsjw8lV+ZFROKZdIxLi0Ia05XSu4RLrrvWj0zdKMSB+V87xOWfSB3Epo95zAvnPox5Q16A==",
      "funding": {
        "type": "github",
        "url": "https://github.com/sponsors/ueberdosis"
      },
      "peerDependencies": {
        "@tiptap/core": "^2.7.0"
      }
    },
    "node_modules/@tiptap/extension-strike": {
      "version": "2.9.1",
      "resolved": "https://registry.npmjs.org/@tiptap/extension-strike/-/extension-strike-2.9.1.tgz",
      "integrity": "sha512-V5aEXdML+YojlPhastcu7w4biDPwmzy/fWq0T2qjfu5Te/THcqDmGYVBKESBm5x6nBy5OLkanw2O+KHu2quDdg==",
      "funding": {
        "type": "github",
        "url": "https://github.com/sponsors/ueberdosis"
      },
      "peerDependencies": {
        "@tiptap/core": "^2.7.0"
      }
    },
    "node_modules/@tiptap/extension-text": {
      "version": "2.9.1",
      "resolved": "https://registry.npmjs.org/@tiptap/extension-text/-/extension-text-2.9.1.tgz",
      "integrity": "sha512-3wo9uCrkLVLQFgbw2eFU37QAa1jq1/7oExa+FF/DVxdtHRS9E2rnUZ8s2hat/IWzvPUHXMwo3Zg2XfhoamQpCA==",
      "funding": {
        "type": "github",
        "url": "https://github.com/sponsors/ueberdosis"
      },
      "peerDependencies": {
        "@tiptap/core": "^2.7.0"
      }
    },
    "node_modules/@tiptap/extension-text-style": {
      "version": "2.9.1",
      "resolved": "https://registry.npmjs.org/@tiptap/extension-text-style/-/extension-text-style-2.9.1.tgz",
      "integrity": "sha512-LAxc0SeeiPiAVBwksczeA7BJSZb6WtVpYhy5Esvy9K0mK5kttB4KxtnXWeQzMIJZQbza65yftGKfQlexf/Y7yg==",
      "funding": {
        "type": "github",
        "url": "https://github.com/sponsors/ueberdosis"
      },
      "peerDependencies": {
        "@tiptap/core": "^2.7.0"
      }
    },
    "node_modules/@tiptap/pm": {
      "version": "2.9.1",
      "resolved": "https://registry.npmjs.org/@tiptap/pm/-/pm-2.9.1.tgz",
      "integrity": "sha512-mvV86fr7kEuDYEApQ2uMPCKL2uagUE0BsXiyyz3KOkY1zifyVm1fzdkscb24Qy1GmLzWAIIihA+3UHNRgYdOlQ==",
      "dependencies": {
        "prosemirror-changeset": "^2.2.1",
        "prosemirror-collab": "^1.3.1",
        "prosemirror-commands": "^1.6.0",
        "prosemirror-dropcursor": "^1.8.1",
        "prosemirror-gapcursor": "^1.3.2",
        "prosemirror-history": "^1.4.1",
        "prosemirror-inputrules": "^1.4.0",
        "prosemirror-keymap": "^1.2.2",
        "prosemirror-markdown": "^1.13.0",
        "prosemirror-menu": "^1.2.4",
        "prosemirror-model": "^1.22.3",
        "prosemirror-schema-basic": "^1.2.3",
        "prosemirror-schema-list": "^1.4.1",
        "prosemirror-state": "^1.4.3",
        "prosemirror-tables": "^1.4.0",
        "prosemirror-trailing-node": "^3.0.0",
        "prosemirror-transform": "^1.10.0",
        "prosemirror-view": "^1.34.3"
      },
      "funding": {
        "type": "github",
        "url": "https://github.com/sponsors/ueberdosis"
      }
    },
    "node_modules/@tiptap/starter-kit": {
      "version": "2.9.1",
      "resolved": "https://registry.npmjs.org/@tiptap/starter-kit/-/starter-kit-2.9.1.tgz",
      "integrity": "sha512-nsw6UF/7wDpPfHRhtGOwkj1ipIEiWZS1VGw+c14K61vM1CNj0uQ4jogbHwHZqN1dlL5Hh+FCqUHDPxG6ECbijg==",
      "dependencies": {
        "@tiptap/core": "^2.9.1",
        "@tiptap/extension-blockquote": "^2.9.1",
        "@tiptap/extension-bold": "^2.9.1",
        "@tiptap/extension-bullet-list": "^2.9.1",
        "@tiptap/extension-code": "^2.9.1",
        "@tiptap/extension-code-block": "^2.9.1",
        "@tiptap/extension-document": "^2.9.1",
        "@tiptap/extension-dropcursor": "^2.9.1",
        "@tiptap/extension-gapcursor": "^2.9.1",
        "@tiptap/extension-hard-break": "^2.9.1",
        "@tiptap/extension-heading": "^2.9.1",
        "@tiptap/extension-history": "^2.9.1",
        "@tiptap/extension-horizontal-rule": "^2.9.1",
        "@tiptap/extension-italic": "^2.9.1",
        "@tiptap/extension-list-item": "^2.9.1",
        "@tiptap/extension-ordered-list": "^2.9.1",
        "@tiptap/extension-paragraph": "^2.9.1",
        "@tiptap/extension-strike": "^2.9.1",
        "@tiptap/extension-text": "^2.9.1",
        "@tiptap/extension-text-style": "^2.9.1",
        "@tiptap/pm": "^2.9.1"
      },
      "funding": {
        "type": "github",
        "url": "https://github.com/sponsors/ueberdosis"
      }
    },
    "node_modules/@types/estree": {
      "version": "1.0.6",
      "resolved": "https://registry.npmjs.org/@types/estree/-/estree-1.0.6.tgz",
      "integrity": "sha512-AYnb1nQyY49te+VRAVgmzfcgjYS91mY5P0TKUDCLEM+gNnA+3T6rWITXRLYCpahpqSQbN5cE+gHpnPyXjHWxcw=="
    },
    "node_modules/@types/linkify-it": {
      "version": "5.0.0",
      "resolved": "https://registry.npmjs.org/@types/linkify-it/-/linkify-it-5.0.0.tgz",
      "integrity": "sha512-sVDA58zAw4eWAffKOaQH5/5j3XeayukzDk+ewSsnv3p4yJEZHCCzMDiZM8e0OUrRvmpGZ85jf4yDHkHsgBNr9Q=="
    },
    "node_modules/@types/markdown-it": {
      "version": "14.1.2",
      "resolved": "https://registry.npmjs.org/@types/markdown-it/-/markdown-it-14.1.2.tgz",
      "integrity": "sha512-promo4eFwuiW+TfGxhi+0x3czqTYJkG8qB17ZUJiVF10Xm7NLVRSLUsfRTU/6h1e24VvRnXCx+hG7li58lkzog==",
      "dependencies": {
        "@types/linkify-it": "^5",
        "@types/mdurl": "^2"
      }
    },
    "node_modules/@types/mdurl": {
      "version": "2.0.0",
      "resolved": "https://registry.npmjs.org/@types/mdurl/-/mdurl-2.0.0.tgz",
      "integrity": "sha512-RGdgjQUZba5p6QEFAVx2OGb8rQDL/cPRG7GiedRzMcJ1tYnUANBncjbSB1NRGwbvjcPeikRABz2nshyPk1bhWg=="
    },
    "node_modules/@types/resolve": {
      "version": "1.20.2",
      "resolved": "https://registry.npmjs.org/@types/resolve/-/resolve-1.20.2.tgz",
      "integrity": "sha512-60BCwRFOZCQhDncwQdxxeOEEkbc5dIMccYLwbxsS4TUNeVECQ/pBJ0j09mrHOl/JJvpRPGwO9SvE4nR2Nb/a4Q=="
    },
    "node_modules/argparse": {
      "version": "2.0.1",
      "resolved": "https://registry.npmjs.org/argparse/-/argparse-2.0.1.tgz",
      "integrity": "sha512-8+9WqebbFzpX9OR+Wa6O29asIogeRMzcGtAINdpMHHyAg10f05aSFVBbcEqGf/PXw1EjAZ+q2/bEBg3DvurK3Q=="
    },
    "node_modules/crelt": {
      "version": "1.0.6",
      "resolved": "https://registry.npmjs.org/crelt/-/crelt-1.0.6.tgz",
      "integrity": "sha512-VQ2MBenTq1fWZUH9DJNGti7kKv6EeAuYr3cLwxUWhIu1baTaXh4Ib5W2CqHVqib4/MqbYGJqiL3Zb8GJZr3l4g=="
    },
    "node_modules/deepmerge": {
      "version": "4.3.1",
      "resolved": "https://registry.npmjs.org/deepmerge/-/deepmerge-4.3.1.tgz",
      "integrity": "sha512-3sUqbMEc77XqpdNO7FRyRog+eW3ph+GYCbj+rK+uYyRMuwsVy0rMiVtPn+QJlKFvWP/1PYpapqYn0Me2knFn+A==",
      "engines": {
        "node": ">=0.10.0"
      }
    },
    "node_modules/entities": {
      "version": "4.5.0",
      "resolved": "https://registry.npmjs.org/entities/-/entities-4.5.0.tgz",
      "integrity": "sha512-V0hjH4dGPh9Ao5p0MoRY6BVqtwCjhz6vI5LT8AJ55H+4g9/4vbHx1I54fS0XuclLhDHArPQCiMjDxjaL8fPxhw==",
      "engines": {
        "node": ">=0.12"
      },
      "funding": {
        "url": "https://github.com/fb55/entities?sponsor=1"
      }
    },
    "node_modules/escape-string-regexp": {
      "version": "4.0.0",
      "resolved": "https://registry.npmjs.org/escape-string-regexp/-/escape-string-regexp-4.0.0.tgz",
      "integrity": "sha512-TtpcNJ3XAzx3Gq8sWRzJaVajRs0uVxA2YAkdb1jm2YkPz4G6egUFAyA3n5vtEIZefPk5Wa4UXbKuS5fKkJWdgA==",
      "engines": {
        "node": ">=10"
      },
      "funding": {
        "url": "https://github.com/sponsors/sindresorhus"
      }
    },
    "node_modules/estree-walker": {
      "version": "2.0.2",
      "resolved": "https://registry.npmjs.org/estree-walker/-/estree-walker-2.0.2.tgz",
      "integrity": "sha512-Rfkk/Mp/DL7JVje3u18FxFujQlTNR2q6QfMSMB7AvCBx91NGj/ba3kCfza0f6dVDbw7YlRf/nDrn7pQrCCyQ/w=="
    },
    "node_modules/flowbite": {
      "version": "2.5.2",
      "resolved": "https://registry.npmjs.org/flowbite/-/flowbite-2.5.2.tgz",
      "integrity": "sha512-kwFD3n8/YW4EG8GlY3Od9IoKND97kitO+/ejISHSqpn3vw2i5K/+ZI8Jm2V+KC4fGdnfi0XZ+TzYqQb4Q1LshA==",
      "dependencies": {
        "@popperjs/core": "^2.9.3",
        "flowbite-datepicker": "^1.3.0",
        "mini-svg-data-uri": "^1.4.3"
      }
    },
    "node_modules/flowbite-datepicker": {
      "version": "1.3.0",
      "resolved": "https://registry.npmjs.org/flowbite-datepicker/-/flowbite-datepicker-1.3.0.tgz",
      "integrity": "sha512-CLVqzuoE2vkUvWYK/lJ6GzT0be5dlTbH3uuhVwyB67+PjqJWABm2wv68xhBf5BqjpBxvTSQ3mrmLHpPJ2tvrSQ==",
      "dependencies": {
        "@rollup/plugin-node-resolve": "^15.2.3",
        "flowbite": "^2.0.0"
      }
    },
    "node_modules/function-bind": {
      "version": "1.1.2",
      "resolved": "https://registry.npmjs.org/function-bind/-/function-bind-1.1.2.tgz",
      "integrity": "sha512-7XHNxH7qX9xG5mIwxkhumTox/MIRNcOgDrxWsMt2pAr23WHp6MrRlN7FBSFpCpr+oVO0F744iUgR82nJMfG2SA==",
      "funding": {
        "url": "https://github.com/sponsors/ljharb"
      }
    },
    "node_modules/hasown": {
      "version": "2.0.2",
      "resolved": "https://registry.npmjs.org/hasown/-/hasown-2.0.2.tgz",
      "integrity": "sha512-0hJU9SCPvmMzIBdZFqNPXWa6dqh7WdH0cII9y+CyS8rG3nL48Bclra9HmKhVVUHyPWNH5Y7xDwAB7bfgSjkUMQ==",
      "dependencies": {
        "function-bind": "^1.1.2"
      },
      "engines": {
        "node": ">= 0.4"
      }
    },
    "node_modules/is-core-module": {
      "version": "2.15.1",
      "resolved": "https://registry.npmjs.org/is-core-module/-/is-core-module-2.15.1.tgz",
      "integrity": "sha512-z0vtXSwucUJtANQWldhbtbt7BnL0vxiFjIdDLAatwhDYty2bad6s+rijD6Ri4YuYJubLzIJLUidCh09e1djEVQ==",
      "dependencies": {
        "hasown": "^2.0.2"
      },
      "engines": {
        "node": ">= 0.4"
      },
      "funding": {
        "url": "https://github.com/sponsors/ljharb"
      }
    },
    "node_modules/is-module": {
      "version": "1.0.0",
      "resolved": "https://registry.npmjs.org/is-module/-/is-module-1.0.0.tgz",
      "integrity": "sha512-51ypPSPCoTEIN9dy5Oy+h4pShgJmPCygKfyRCISBI+JoWT/2oJvK8QPxmwv7b/p239jXrm9M1mlQbyKJ5A152g=="
    },
    "node_modules/linkify-it": {
      "version": "5.0.0",
      "resolved": "https://registry.npmjs.org/linkify-it/-/linkify-it-5.0.0.tgz",
      "integrity": "sha512-5aHCbzQRADcdP+ATqnDuhhJ/MRIqDkZX5pyjFHRRysS8vZ5AbqGEoFIb6pYHPZ+L/OC2Lc+xT8uHVVR5CAK/wQ==",
      "dependencies": {
        "uc.micro": "^2.0.0"
      }
    },
    "node_modules/markdown-it": {
      "version": "14.1.0",
      "resolved": "https://registry.npmjs.org/markdown-it/-/markdown-it-14.1.0.tgz",
      "integrity": "sha512-a54IwgWPaeBCAAsv13YgmALOF1elABB08FxO9i+r4VFk5Vl4pKokRPeX8u5TCgSsPi6ec1otfLjdOpVcgbpshg==",
      "dependencies": {
        "argparse": "^2.0.1",
        "entities": "^4.4.0",
        "linkify-it": "^5.0.0",
        "mdurl": "^2.0.0",
        "punycode.js": "^2.3.1",
        "uc.micro": "^2.1.0"
      },
      "bin": {
        "markdown-it": "bin/markdown-it.mjs"
      }
    },
    "node_modules/markdown-it-task-lists": {
      "version": "2.1.1",
      "resolved": "https://registry.npmjs.org/markdown-it-task-lists/-/markdown-it-task-lists-2.1.1.tgz",
      "integrity": "sha512-TxFAc76Jnhb2OUu+n3yz9RMu4CwGfaT788br6HhEDlvWfdeJcLUsxk1Hgw2yJio0OXsxv7pyIPmvECY7bMbluA=="
    },
    "node_modules/mdurl": {
      "version": "2.0.0",
      "resolved": "https://registry.npmjs.org/mdurl/-/mdurl-2.0.0.tgz",
      "integrity": "sha512-Lf+9+2r+Tdp5wXDXC4PcIBjTDtq4UKjCPMQhKIuzpJNW0b96kVqSwW0bT7FhRSfmAiFYgP+SCRvdrDozfh0U5w=="
    },
    "node_modules/mini-svg-data-uri": {
      "version": "1.4.4",
      "resolved": "https://registry.npmjs.org/mini-svg-data-uri/-/mini-svg-data-uri-1.4.4.tgz",
      "integrity": "sha512-r9deDe9p5FJUPZAk3A59wGH7Ii9YrjjWw0jmw/liSbHl2CHiyXj6FcDXDu2K3TjVAXqiJdaw3xxwlZZr9E6nHg==",
      "bin": {
        "mini-svg-data-uri": "cli.js"
      }
    },
    "node_modules/orderedmap": {
      "version": "2.1.1",
      "resolved": "https://registry.npmjs.org/orderedmap/-/orderedmap-2.1.1.tgz",
      "integrity": "sha512-TvAWxi0nDe1j/rtMcWcIj94+Ffe6n7zhow33h40SKxmsmozs6dz/e+EajymfoFcHd7sxNn8yHM8839uixMOV6g=="
    },
    "node_modules/path-parse": {
      "version": "1.0.7",
      "resolved": "https://registry.npmjs.org/path-parse/-/path-parse-1.0.7.tgz",
      "integrity": "sha512-LDJzPVEEEPR+y48z93A0Ed0yXb8pAByGWo/k5YYdYgpY2/2EsOsksJrq7lOHxryrVOn1ejG6oAp8ahvOIQD8sw=="
    },
    "node_modules/picomatch": {
      "version": "2.3.1",
      "resolved": "https://registry.npmjs.org/picomatch/-/picomatch-2.3.1.tgz",
      "integrity": "sha512-JU3teHTNjmE2VCGFzuY8EXzCDVwEqB2a8fsIvwaStHhAWJEeVd1o1QD80CU6+ZdEXXSLbSsuLwJjkCBWqRQUVA==",
      "engines": {
        "node": ">=8.6"
      },
      "funding": {
        "url": "https://github.com/sponsors/jonschlinkert"
      }
    },
    "node_modules/prosemirror-changeset": {
      "version": "2.2.1",
      "resolved": "https://registry.npmjs.org/prosemirror-changeset/-/prosemirror-changeset-2.2.1.tgz",
      "integrity": "sha512-J7msc6wbxB4ekDFj+n9gTW/jav/p53kdlivvuppHsrZXCaQdVgRghoZbSS3kwrRyAstRVQ4/+u5k7YfLgkkQvQ==",
      "dependencies": {
        "prosemirror-transform": "^1.0.0"
      }
    },
    "node_modules/prosemirror-collab": {
      "version": "1.3.1",
      "resolved": "https://registry.npmjs.org/prosemirror-collab/-/prosemirror-collab-1.3.1.tgz",
      "integrity": "sha512-4SnynYR9TTYaQVXd/ieUvsVV4PDMBzrq2xPUWutHivDuOshZXqQ5rGbZM84HEaXKbLdItse7weMGOUdDVcLKEQ==",
      "dependencies": {
        "prosemirror-state": "^1.0.0"
      }
    },
    "node_modules/prosemirror-commands": {
      "version": "1.6.2",
      "resolved": "https://registry.npmjs.org/prosemirror-commands/-/prosemirror-commands-1.6.2.tgz",
      "integrity": "sha512-0nDHH++qcf/BuPLYvmqZTUUsPJUCPBUXt0J1ErTcDIS369CTp773itzLGIgIXG4LJXOlwYCr44+Mh4ii6MP1QA==",
      "dependencies": {
        "prosemirror-model": "^1.0.0",
        "prosemirror-state": "^1.0.0",
        "prosemirror-transform": "^1.10.2"
      }
    },
    "node_modules/prosemirror-dropcursor": {
      "version": "1.8.1",
      "resolved": "https://registry.npmjs.org/prosemirror-dropcursor/-/prosemirror-dropcursor-1.8.1.tgz",
      "integrity": "sha512-M30WJdJZLyXHi3N8vxN6Zh5O8ZBbQCz0gURTfPmTIBNQ5pxrdU7A58QkNqfa98YEjSAL1HUyyU34f6Pm5xBSGw==",
      "dependencies": {
        "prosemirror-state": "^1.0.0",
        "prosemirror-transform": "^1.1.0",
        "prosemirror-view": "^1.1.0"
      }
    },
    "node_modules/prosemirror-gapcursor": {
      "version": "1.3.2",
      "resolved": "https://registry.npmjs.org/prosemirror-gapcursor/-/prosemirror-gapcursor-1.3.2.tgz",
      "integrity": "sha512-wtjswVBd2vaQRrnYZaBCbyDqr232Ed4p2QPtRIUK5FuqHYKGWkEwl08oQM4Tw7DOR0FsasARV5uJFvMZWxdNxQ==",
      "dependencies": {
        "prosemirror-keymap": "^1.0.0",
        "prosemirror-model": "^1.0.0",
        "prosemirror-state": "^1.0.0",
        "prosemirror-view": "^1.0.0"
      }
    },
    "node_modules/prosemirror-history": {
      "version": "1.4.1",
      "resolved": "https://registry.npmjs.org/prosemirror-history/-/prosemirror-history-1.4.1.tgz",
      "integrity": "sha512-2JZD8z2JviJrboD9cPuX/Sv/1ChFng+xh2tChQ2X4bB2HeK+rra/bmJ3xGntCcjhOqIzSDG6Id7e8RJ9QPXLEQ==",
      "dependencies": {
        "prosemirror-state": "^1.2.2",
        "prosemirror-transform": "^1.0.0",
        "prosemirror-view": "^1.31.0",
        "rope-sequence": "^1.3.0"
      }
    },
    "node_modules/prosemirror-inputrules": {
      "version": "1.4.0",
      "resolved": "https://registry.npmjs.org/prosemirror-inputrules/-/prosemirror-inputrules-1.4.0.tgz",
      "integrity": "sha512-6ygpPRuTJ2lcOXs9JkefieMst63wVJBgHZGl5QOytN7oSZs3Co/BYbc3Yx9zm9H37Bxw8kVzCnDsihsVsL4yEg==",
      "dependencies": {
        "prosemirror-state": "^1.0.0",
        "prosemirror-transform": "^1.0.0"
      }
    },
    "node_modules/prosemirror-keymap": {
      "version": "1.2.2",
      "resolved": "https://registry.npmjs.org/prosemirror-keymap/-/prosemirror-keymap-1.2.2.tgz",
      "integrity": "sha512-EAlXoksqC6Vbocqc0GtzCruZEzYgrn+iiGnNjsJsH4mrnIGex4qbLdWWNza3AW5W36ZRrlBID0eM6bdKH4OStQ==",
      "dependencies": {
        "prosemirror-state": "^1.0.0",
        "w3c-keyname": "^2.2.0"
      }
    },
    "node_modules/prosemirror-markdown": {
      "version": "1.13.1",
      "resolved": "https://registry.npmjs.org/prosemirror-markdown/-/prosemirror-markdown-1.13.1.tgz",
      "integrity": "sha512-Sl+oMfMtAjWtlcZoj/5L/Q39MpEnVZ840Xo330WJWUvgyhNmLBLN7MsHn07s53nG/KImevWHSE6fEj4q/GihHw==",
      "dependencies": {
        "@types/markdown-it": "^14.0.0",
        "markdown-it": "^14.0.0",
        "prosemirror-model": "^1.20.0"
      }
    },
    "node_modules/prosemirror-menu": {
      "version": "1.2.4",
      "resolved": "https://registry.npmjs.org/prosemirror-menu/-/prosemirror-menu-1.2.4.tgz",
      "integrity": "sha512-S/bXlc0ODQup6aiBbWVsX/eM+xJgCTAfMq/nLqaO5ID/am4wS0tTCIkzwytmao7ypEtjj39i7YbJjAgO20mIqA==",
      "dependencies": {
        "crelt": "^1.0.0",
        "prosemirror-commands": "^1.0.0",
        "prosemirror-history": "^1.0.0",
        "prosemirror-state": "^1.0.0"
      }
    },
    "node_modules/prosemirror-model": {
      "version": "1.23.0",
      "resolved": "https://registry.npmjs.org/prosemirror-model/-/prosemirror-model-1.23.0.tgz",
      "integrity": "sha512-Q/fgsgl/dlOAW9ILu4OOhYWQbc7TQd4BwKH/RwmUjyVf8682Be4zj3rOYdLnYEcGzyg8LL9Q5IWYKD8tdToreQ==",
      "dependencies": {
        "orderedmap": "^2.0.0"
      }
    },
    "node_modules/prosemirror-schema-basic": {
      "version": "1.2.3",
      "resolved": "https://registry.npmjs.org/prosemirror-schema-basic/-/prosemirror-schema-basic-1.2.3.tgz",
      "integrity": "sha512-h+H0OQwZVqMon1PNn0AG9cTfx513zgIG2DY00eJ00Yvgb3UD+GQ/VlWW5rcaxacpCGT1Yx8nuhwXk4+QbXUfJA==",
      "dependencies": {
        "prosemirror-model": "^1.19.0"
      }
    },
    "node_modules/prosemirror-schema-list": {
      "version": "1.4.1",
      "resolved": "https://registry.npmjs.org/prosemirror-schema-list/-/prosemirror-schema-list-1.4.1.tgz",
      "integrity": "sha512-jbDyaP/6AFfDfu70VzySsD75Om2t3sXTOdl5+31Wlxlg62td1haUpty/ybajSfJ1pkGadlOfwQq9kgW5IMo1Rg==",
      "dependencies": {
        "prosemirror-model": "^1.0.0",
        "prosemirror-state": "^1.0.0",
        "prosemirror-transform": "^1.7.3"
      }
    },
    "node_modules/prosemirror-state": {
      "version": "1.4.3",
      "resolved": "https://registry.npmjs.org/prosemirror-state/-/prosemirror-state-1.4.3.tgz",
      "integrity": "sha512-goFKORVbvPuAQaXhpbemJFRKJ2aixr+AZMGiquiqKxaucC6hlpHNZHWgz5R7dS4roHiwq9vDctE//CZ++o0W1Q==",
      "dependencies": {
        "prosemirror-model": "^1.0.0",
        "prosemirror-transform": "^1.0.0",
        "prosemirror-view": "^1.27.0"
      }
    },
    "node_modules/prosemirror-tables": {
      "version": "1.6.0",
      "resolved": "https://registry.npmjs.org/prosemirror-tables/-/prosemirror-tables-1.6.0.tgz",
      "integrity": "sha512-eirSS2fwVYzKhvM2qeXSn9ix/SBn7QOLDftPQ4ImEQIevFDiSKAB6Lbrmm/WEgrbTDbCm+xhSq4gOD9w7wT59Q==",
      "dependencies": {
        "prosemirror-keymap": "^1.1.2",
        "prosemirror-model": "^1.8.1",
        "prosemirror-state": "^1.3.1",
        "prosemirror-transform": "^1.2.1",
        "prosemirror-view": "^1.13.3"
      }
    },
    "node_modules/prosemirror-trailing-node": {
      "version": "3.0.0",
      "resolved": "https://registry.npmjs.org/prosemirror-trailing-node/-/prosemirror-trailing-node-3.0.0.tgz",
      "integrity": "sha512-xiun5/3q0w5eRnGYfNlW1uU9W6x5MoFKWwq/0TIRgt09lv7Hcser2QYV8t4muXbEr+Fwo0geYn79Xs4GKywrRQ==",
      "dependencies": {
        "@remirror/core-constants": "3.0.0",
        "escape-string-regexp": "^4.0.0"
      },
      "peerDependencies": {
        "prosemirror-model": "^1.22.1",
        "prosemirror-state": "^1.4.2",
        "prosemirror-view": "^1.33.8"
      }
    },
    "node_modules/prosemirror-transform": {
      "version": "1.10.2",
      "resolved": "https://registry.npmjs.org/prosemirror-transform/-/prosemirror-transform-1.10.2.tgz",
      "integrity": "sha512-2iUq0wv2iRoJO/zj5mv8uDUriOHWzXRnOTVgCzSXnktS/2iQRa3UUQwVlkBlYZFtygw6Nh1+X4mGqoYBINn5KQ==",
      "dependencies": {
        "prosemirror-model": "^1.21.0"
      }
    },
    "node_modules/prosemirror-view": {
      "version": "1.34.3",
      "resolved": "https://registry.npmjs.org/prosemirror-view/-/prosemirror-view-1.34.3.tgz",
      "integrity": "sha512-mKZ54PrX19sSaQye+sef+YjBbNu2voNwLS1ivb6aD2IRmxRGW64HU9B644+7OfJStGLyxvOreKqEgfvXa91WIA==",
      "dependencies": {
        "prosemirror-model": "^1.20.0",
        "prosemirror-state": "^1.0.0",
        "prosemirror-transform": "^1.1.0"
      }
    },
    "node_modules/punycode.js": {
      "version": "2.3.1",
      "resolved": "https://registry.npmjs.org/punycode.js/-/punycode.js-2.3.1.tgz",
      "integrity": "sha512-uxFIHU0YlHYhDQtV4R9J6a52SLx28BCjT+4ieh7IGbgwVJWO+km431c4yRlREUAsAmt/uMjQUyQHNEPf0M39CA==",
      "engines": {
        "node": ">=6"
      }
    },
    "node_modules/resolve": {
      "version": "1.22.8",
      "resolved": "https://registry.npmjs.org/resolve/-/resolve-1.22.8.tgz",
      "integrity": "sha512-oKWePCxqpd6FlLvGV1VU0x7bkPmmCNolxzjMf4NczoDnQcIWrAF+cPtZn5i6n+RfD2d9i0tzpKnG6Yk168yIyw==",
      "dependencies": {
        "is-core-module": "^2.13.0",
        "path-parse": "^1.0.7",
        "supports-preserve-symlinks-flag": "^1.0.0"
      },
      "bin": {
        "resolve": "bin/resolve"
      },
      "funding": {
        "url": "https://github.com/sponsors/ljharb"
      }
    },
    "node_modules/rope-sequence": {
      "version": "1.3.4",
      "resolved": "https://registry.npmjs.org/rope-sequence/-/rope-sequence-1.3.4.tgz",
      "integrity": "sha512-UT5EDe2cu2E/6O4igUr5PSFs23nvvukicWHx6GnOPlHAiiYbzNuCRQCuiUdHJQcqKalLKlrYJnjY0ySGsXNQXQ=="
    },
    "node_modules/supports-preserve-symlinks-flag": {
      "version": "1.0.0",
      "resolved": "https://registry.npmjs.org/supports-preserve-symlinks-flag/-/supports-preserve-symlinks-flag-1.0.0.tgz",
      "integrity": "sha512-ot0WnXS9fgdkgIcePe6RHNk1WA8+muPa6cSjeR3V8K27q9BB1rTE3R1p7Hv0z1ZyAc8s6Vvv8DIyWf681MAt0w==",
      "engines": {
        "node": ">= 0.4"
      },
      "funding": {
        "url": "https://github.com/sponsors/ljharb"
      }
    },
    "node_modules/tiptap-markdown": {
      "version": "0.8.10",
      "resolved": "https://registry.npmjs.org/tiptap-markdown/-/tiptap-markdown-0.8.10.tgz",
      "integrity": "sha512-iDVkR2BjAqkTDtFX0h94yVvE2AihCXlF0Q7RIXSJPRSR5I0PA1TMuAg6FHFpmqTn4tPxJ0by0CK7PUMlnFLGEQ==",
      "workspaces": [
        "example"
      ],
      "dependencies": {
        "@types/markdown-it": "^13.0.7",
        "markdown-it": "^14.1.0",
        "markdown-it-task-lists": "^2.1.1",
        "prosemirror-markdown": "^1.11.1"
      },
      "peerDependencies": {
        "@tiptap/core": "^2.0.3"
      }
    },
    "node_modules/tiptap-markdown/node_modules/@types/linkify-it": {
      "version": "3.0.5",
      "resolved": "https://registry.npmjs.org/@types/linkify-it/-/linkify-it-3.0.5.tgz",
      "integrity": "sha512-yg6E+u0/+Zjva+buc3EIb+29XEg4wltq7cSmd4Uc2EE/1nUVmxyzpX6gUXD0V8jIrG0r7YeOGVIbYRkxeooCtw=="
    },
    "node_modules/tiptap-markdown/node_modules/@types/markdown-it": {
      "version": "13.0.9",
      "resolved": "https://registry.npmjs.org/@types/markdown-it/-/markdown-it-13.0.9.tgz",
      "integrity": "sha512-1XPwR0+MgXLWfTn9gCsZ55AHOKW1WN+P9vr0PaQh5aerR9LLQXUbjfEAFhjmEmyoYFWAyuN2Mqkn40MZ4ukjBw==",
      "dependencies": {
        "@types/linkify-it": "^3",
        "@types/mdurl": "^1"
      }
    },
    "node_modules/tiptap-markdown/node_modules/@types/mdurl": {
      "version": "1.0.5",
      "resolved": "https://registry.npmjs.org/@types/mdurl/-/mdurl-1.0.5.tgz",
      "integrity": "sha512-6L6VymKTzYSrEf4Nev4Xa1LCHKrlTlYCBMTlQKFuddo1CvQcE52I0mwfOJayueUC7MJuXOeHTcIU683lzd0cUA=="
    },
    "node_modules/uc.micro": {
      "version": "2.1.0",
      "resolved": "https://registry.npmjs.org/uc.micro/-/uc.micro-2.1.0.tgz",
      "integrity": "sha512-ARDJmphmdvUk6Glw7y9DQ2bFkKBHwQHLi2lsaH6PPmz/Ka9sFOBsBluozhDltWmnv9u/cF6Rt87znRTPV+yp/A=="
    },
    "node_modules/w3c-keyname": {
      "version": "2.2.8",
      "resolved": "https://registry.npmjs.org/w3c-keyname/-/w3c-keyname-2.2.8.tgz",
      "integrity": "sha512-dpojBhNsCNN7T82Tm7k26A6G9ML3NkhDsnw9n/eoxSRlVBB4CEtIQ/KTCLI2Fwf3ataSXRhYFkQi3SlnFwPvPQ=="
    }
  }
}
